
Microsoft Visual Studio Solution File, Format Version 12.00
# Visual Studio Version 16
VisualStudioVersion = 16.0.29509.3
MinimumVisualStudioVersion = 10.0.40219.1
Project("{FAE04EC0-301F-11D3-BF4B-00C04F79EFBC}") = "GladiatorGame", "GladiatorGame\GladiatorGame.csproj", "{3002891F-0672-4B60-ACDE-004A4AF49DCF}"
EndProject
Global
	GlobalSection(SolutionConfigurationPlatforms) = preSolution
		Debug|Any CPU = Debug|Any CPU
		Release|Any CPU = Release|Any CPU
	EndGlobalSection
	GlobalSection(ProjectConfigurationPlatforms) = postSolution
		{3002891F-0672-4B60-ACDE-004A4AF49DCF}.Debug|Any CPU.ActiveCfg = Debug|Any CPU
		{3002891F-0672-4B60-ACDE-004A4AF49DCF}.Debug|Any CPU.Build.0 = Debug|Any CPU
		{3002891F-0672-4B60-ACDE-004A4AF49DCF}.Release|Any CPU.ActiveCfg = Release|Any CPU
		{3002891F-0672-4B60-ACDE-004A4AF49DCF}.Release|Any CPU.Build.0 = Release|Any CPU
	EndGlobalSection
	GlobalSection(SolutionProperties) = preSolution
		HideSolutionNode = FALSE
	EndGlobalSection
	GlobalSection(ExtensibilityGlobals) = postSolution
		SolutionGuid = {8EDA51EB-1A65-4CD3-9127-4AC95643DFF4}
	EndGlobalSection
EndGlobal
